
Microsoft Visual Studio Solution File, Format Version 12.00
# Visual Studio 15
VisualStudioVersion = 15.0.26430.15
MinimumVisualStudioVersion = 10.0.40219.1
Project("{8BC9CEB8-8B4A-11D0-8D11-00A0C91BC942}") = "mandelbrot_reference", "mandelbrot\mandelbrot_reference\mandelbrot_reference.vcxproj", "{FDB2E19B-C268-47EF-B0BE-98A15501C4D6}"
EndProject
Project("{8BC9CEB8-8B4A-11D0-8D11-00A0C91BC942}") = "mandelbrot_avx", "mandelbrot\mandelbrot_avx\mandelbrot_avx.vcxproj", "{DFB9187A-91B8-4FC7-8246-3DCA290495D5}"
EndProject
Project("{8BC9CEB8-8B4A-11D0-8D11-00A0C91BC942}") = "mandelbrot_avx2", "mandelbrot\mandelbrot_avx2\mandelbrot_avx2.vcxproj", "{93BC4373-33D7-436E-8DA0-50959AB17B95}"
EndProject
Project("{F2A71F9B-5D33-465A-A702-920D77279786}") = "mandelbrot_fsharp", "mandelbrot\mandelbrot_fsharp\mandelbrot_fsharp.fsproj", "{5D6AEB41-9E21-401B-9770-6D9639CCA883}"
EndProject
Project("{F2A71F9B-5D33-465A-A702-920D77279786}") = "mandelbrot_fsharp2", "mandelbrot\mandelbrot_fsharp2\mandelbrot_fsharp2.fsproj", "{689545C0-7CD5-4D01-9736-016EA6EADA64}"
EndProject
Project("{2150E333-8FDC-42A3-9474-1A3956D46DE8}") = "mandelbrot", "mandelbrot", "{BE134C3C-E34D-40B6-84E2-3FD3CDED31E1}"
EndProject
Global
	GlobalSection(SolutionConfigurationPlatforms) = preSolution
		Debug|Any CPU = Debug|Any CPU
		Debug|x64 = Debug|x64
		Debug|x86 = Debug|x86
		Release|Any CPU = Release|Any CPU
		Release|x64 = Release|x64
		Release|x86 = Release|x86
	EndGlobalSection
	GlobalSection(ProjectConfigurationPlatforms) = postSolution
		{FDB2E19B-C268-47EF-B0BE-98A15501C4D6}.Debug|Any CPU.ActiveCfg = Debug|Win32
		{FDB2E19B-C268-47EF-B0BE-98A15501C4D6}.Debug|x64.ActiveCfg = Debug|x64
		{FDB2E19B-C268-47EF-B0BE-98A15501C4D6}.Debug|x64.Build.0 = Debug|x64
		{FDB2E19B-C268-47EF-B0BE-98A15501C4D6}.Debug|x86.ActiveCfg = Debug|Win32
		{FDB2E19B-C268-47EF-B0BE-98A15501C4D6}.Debug|x86.Build.0 = Debug|Win32
		{FDB2E19B-C268-47EF-B0BE-98A15501C4D6}.Release|Any CPU.ActiveCfg = Release|Win32
		{FDB2E19B-C268-47EF-B0BE-98A15501C4D6}.Release|x64.ActiveCfg = Release|x64
		{FDB2E19B-C268-47EF-B0BE-98A15501C4D6}.Release|x64.Build.0 = Release|x64
		{FDB2E19B-C268-47EF-B0BE-98A15501C4D6}.Release|x86.ActiveCfg = Release|Win32
		{FDB2E19B-C268-47EF-B0BE-98A15501C4D6}.Release|x86.Build.0 = Release|Win32
		{DFB9187A-91B8-4FC7-8246-3DCA290495D5}.Debug|Any CPU.ActiveCfg = Debug|Win32
		{DFB9187A-91B8-4FC7-8246-3DCA290495D5}.Debug|x64.ActiveCfg = Debug|x64
		{DFB9187A-91B8-4FC7-8246-3DCA290495D5}.Debug|x64.Build.0 = Debug|x64
		{DFB9187A-91B8-4FC7-8246-3DCA290495D5}.Debug|x86.ActiveCfg = Debug|Win32
		{DFB9187A-91B8-4FC7-8246-3DCA290495D5}.Debug|x86.Build.0 = Debug|Win32
		{DFB9187A-91B8-4FC7-8246-3DCA290495D5}.Release|Any CPU.ActiveCfg = Release|Win32
		{DFB9187A-91B8-4FC7-8246-3DCA290495D5}.Release|x64.ActiveCfg = Release|x64
		{DFB9187A-91B8-4FC7-8246-3DCA290495D5}.Release|x64.Build.0 = Release|x64
		{DFB9187A-91B8-4FC7-8246-3DCA290495D5}.Release|x86.ActiveCfg = Release|Win32
		{DFB9187A-91B8-4FC7-8246-3DCA290495D5}.Release|x86.Build.0 = Release|Win32
		{93BC4373-33D7-436E-8DA0-50959AB17B95}.Debug|Any CPU.ActiveCfg = Debug|Win32
		{93BC4373-33D7-436E-8DA0-50959AB17B95}.Debug|x64.ActiveCfg = Debug|x64
		{93BC4373-33D7-436E-8DA0-50959AB17B95}.Debug|x64.Build.0 = Debug|x64
		{93BC4373-33D7-436E-8DA0-50959AB17B95}.Debug|x86.ActiveCfg = Debug|Win32
		{93BC4373-33D7-436E-8DA0-50959AB17B95}.Debug|x86.Build.0 = Debug|Win32
		{93BC4373-33D7-436E-8DA0-50959AB17B95}.Release|Any CPU.ActiveCfg = Release|Win32
		{93BC4373-33D7-436E-8DA0-50959AB17B95}.Release|x64.ActiveCfg = Release|x64
		{93BC4373-33D7-436E-8DA0-50959AB17B95}.Release|x64.Build.0 = Release|x64
		{93BC4373-33D7-436E-8DA0-50959AB17B95}.Release|x86.ActiveCfg = Release|Win32
		{93BC4373-33D7-436E-8DA0-50959AB17B95}.Release|x86.Build.0 = Release|Win32
		{5D6AEB41-9E21-401B-9770-6D9639CCA883}.Debug|Any CPU.ActiveCfg = Debug|Any CPU
		{5D6AEB41-9E21-401B-9770-6D9639CCA883}.Debug|Any CPU.Build.0 = Debug|Any CPU
		{5D6AEB41-9E21-401B-9770-6D9639CCA883}.Debug|x64.ActiveCfg = Debug|x64
		{5D6AEB41-9E21-401B-9770-6D9639CCA883}.Debug|x64.Build.0 = Debug|x64
		{5D6AEB41-9E21-401B-9770-6D9639CCA883}.Debug|x86.ActiveCfg = Debug|x86
		{5D6AEB41-9E21-401B-9770-6D9639CCA883}.Debug|x86.Build.0 = Debug|x86
		{5D6AEB41-9E21-401B-9770-6D9639CCA883}.Release|Any CPU.ActiveCfg = Release|Any CPU
		{5D6AEB41-9E21-401B-9770-6D9639CCA883}.Release|Any CPU.Build.0 = Release|Any CPU
		{5D6AEB41-9E21-401B-9770-6D9639CCA883}.Release|x64.ActiveCfg = Release|x64
		{5D6AEB41-9E21-401B-9770-6D9639CCA883}.Release|x64.Build.0 = Release|x64
		{5D6AEB41-9E21-401B-9770-6D9639CCA883}.Release|x86.ActiveCfg = Release|x86
		{5D6AEB41-9E21-401B-9770-6D9639CCA883}.Release|x86.Build.0 = Release|x86
		{689545C0-7CD5-4D01-9736-016EA6EADA64}.Debug|Any CPU.ActiveCfg = Debug|Any CPU
		{689545C0-7CD5-4D01-9736-016EA6EADA64}.Debug|Any CPU.Build.0 = Debug|Any CPU
		{689545C0-7CD5-4D01-9736-016EA6EADA64}.Debug|x64.ActiveCfg = Debug|x64
		{689545C0-7CD5-4D01-9736-016EA6EADA64}.Debug|x64.Build.0 = Debug|x64
		{689545C0-7CD5-4D01-9736-016EA6EADA64}.Debug|x86.ActiveCfg = Debug|x86
		{689545C0-7CD5-4D01-9736-016EA6EADA64}.Debug|x86.Build.0 = Debug|x86
		{689545C0-7CD5-4D01-9736-016EA6EADA64}.Release|Any CPU.ActiveCfg = Release|Any CPU
		{689545C0-7CD5-4D01-9736-016EA6EADA64}.Release|Any CPU.Build.0 = Release|Any CPU
		{689545C0-7CD5-4D01-9736-016EA6EADA64}.Release|x64.ActiveCfg = Release|x64
		{689545C0-7CD5-4D01-9736-016EA6EADA64}.Release|x64.Build.0 = Release|x64
		{689545C0-7CD5-4D01-9736-016EA6EADA64}.Release|x86.ActiveCfg = Release|x86
		{689545C0-7CD5-4D01-9736-016EA6EADA64}.Release|x86.Build.0 = Release|x86
	EndGlobalSection
	GlobalSection(SolutionProperties) = preSolution
		HideSolutionNode = FALSE
	EndGlobalSection
	GlobalSection(NestedProjects) = preSolution
		{FDB2E19B-C268-47EF-B0BE-98A15501C4D6} = {BE134C3C-E34D-40B6-84E2-3FD3CDED31E1}
		{DFB9187A-91B8-4FC7-8246-3DCA290495D5} = {BE134C3C-E34D-40B6-84E2-3FD3CDED31E1}
		{93BC4373-33D7-436E-8DA0-50959AB17B95} = {BE134C3C-E34D-40B6-84E2-3FD3CDED31E1}
		{5D6AEB41-9E21-401B-9770-6D9639CCA883} = {BE134C3C-E34D-40B6-84E2-3FD3CDED31E1}
		{689545C0-7CD5-4D01-9736-016EA6EADA64} = {BE134C3C-E34D-40B6-84E2-3FD3CDED31E1}
	EndGlobalSection
EndGlobal
